
Microsoft Visual Studio Solution File, Format Version 12.00
# Visual Studio Version 17
VisualStudioVersion = 17.8.34316.72
MinimumVisualStudioVersion = 10.0.40219.1
Project("{8BC9CEB8-8B4A-11D0-8D11-00A0C91BC942}") = "task1", "lab-26\lab-26.vcxproj", "{47662A0E-2D4F-46D1-9807-EA4D8195A238}"
EndProject
Project("{8BC9CEB8-8B4A-11D0-8D11-00A0C91BC942}") = "task2", "task 2\task 2.vcxproj", "{DC7AE4AC-D112-45DE-91E3-6273A4FB2D94}"
EndProject
Project("{8BC9CEB8-8B4A-11D0-8D11-00A0C91BC942}") = "task3", "task3\task3.vcxproj", "{65C25B3A-43E5-4EA1-A166-3DA445143C5F}"
EndProject
Project("{8BC9CEB8-8B4A-11D0-8D11-00A0C91BC942}") = "task4", "task4\task4.vcxproj", "{08527B64-4E8B-4F5F-B269-7EAAB69774EE}"
EndProject
Project("{8BC9CEB8-8B4A-11D0-8D11-00A0C91BC942}") = "task5", "task5\task5.vcxproj", "{C86438BD-F4C9-44A0-AF39-A018FD4FA6CD}"
EndProject
Project("{8BC9CEB8-8B4A-11D0-8D11-00A0C91BC942}") = "task6", "task6\task6.vcxproj", "{976FCC86-A65B-426E-82C9-5CC1FD95B827}"
EndProject
Project("{8BC9CEB8-8B4A-11D0-8D11-00A0C91BC942}") = "task7", "task7\task7.vcxproj", "{E1E4D683-B9A0-43CD-ADC2-8F10345503C7}"
EndProject
Project("{8BC9CEB8-8B4A-11D0-8D11-00A0C91BC942}") = "task8", "task8\task8.vcxproj", "{91CC58C7-6218-4E28-A497-0ADFB3A26EE3}"
EndProject
Project("{8BC9CEB8-8B4A-11D0-8D11-00A0C91BC942}") = "task9", "task9\task9.vcxproj", "{C1603A86-9B6F-4F52-84EF-BCCD1C18D72B}"
EndProject
Project("{8BC9CEB8-8B4A-11D0-8D11-00A0C91BC942}") = "task10", "task10\task10.vcxproj", "{6C4CBD03-7963-4C68-9771-9D4FEEA5A9E9}"
EndProject
Global
	GlobalSection(SolutionConfigurationPlatforms) = preSolution
		Debug|x64 = Debug|x64
		Debug|x86 = Debug|x86
		Release|x64 = Release|x64
		Release|x86 = Release|x86
	EndGlobalSection
	GlobalSection(ProjectConfigurationPlatforms) = postSolution
		{47662A0E-2D4F-46D1-9807-EA4D8195A238}.Debug|x64.ActiveCfg = Debug|x64
		{47662A0E-2D4F-46D1-9807-EA4D8195A238}.Debug|x64.Build.0 = Debug|x64
		{47662A0E-2D4F-46D1-9807-EA4D8195A238}.Debug|x86.ActiveCfg = Debug|Win32
		{47662A0E-2D4F-46D1-9807-EA4D8195A238}.Debug|x86.Build.0 = Debug|Win32
		{47662A0E-2D4F-46D1-9807-EA4D8195A238}.Release|x64.ActiveCfg = Release|x64
		{47662A0E-2D4F-46D1-9807-EA4D8195A238}.Release|x64.Build.0 = Release|x64
		{47662A0E-2D4F-46D1-9807-EA4D8195A238}.Release|x86.ActiveCfg = Release|Win32
		{47662A0E-2D4F-46D1-9807-EA4D8195A238}.Release|x86.Build.0 = Release|Win32
		{DC7AE4AC-D112-45DE-91E3-6273A4FB2D94}.Debug|x64.ActiveCfg = Debug|x64
		{DC7AE4AC-D112-45DE-91E3-6273A4FB2D94}.Debug|x64.Build.0 = Debug|x64
		{DC7AE4AC-D112-45DE-91E3-6273A4FB2D94}.Debug|x86.ActiveCfg = Debug|Win32
		{DC7AE4AC-D112-45DE-91E3-6273A4FB2D94}.Debug|x86.Build.0 = Debug|Win32
		{DC7AE4AC-D112-45DE-91E3-6273A4FB2D94}.Release|x64.ActiveCfg = Release|x64
		{DC7AE4AC-D112-45DE-91E3-6273A4FB2D94}.Release|x64.Build.0 = Release|x64
		{DC7AE4AC-D112-45DE-91E3-6273A4FB2D94}.Release|x86.ActiveCfg = Release|Win32
		{DC7AE4AC-D112-45DE-91E3-6273A4FB2D94}.Release|x86.Build.0 = Release|Win32
		{65C25B3A-43E5-4EA1-A166-3DA445143C5F}.Debug|x64.ActiveCfg = Debug|x64
		{65C25B3A-43E5-4EA1-A166-3DA445143C5F}.Debug|x64.Build.0 = Debug|x64
		{65C25B3A-43E5-4EA1-A166-3DA445143C5F}.Debug|x86.ActiveCfg = Debug|Win32
		{65C25B3A-43E5-4EA1-A166-3DA445143C5F}.Debug|x86.Build.0 = Debug|Win32
		{65C25B3A-43E5-4EA1-A166-3DA445143C5F}.Release|x64.ActiveCfg = Release|x64
		{65C25B3A-43E5-4EA1-A166-3DA445143C5F}.Release|x64.Build.0 = Release|x64
		{65C25B3A-43E5-4EA1-A166-3DA445143C5F}.Release|x86.ActiveCfg = Release|Win32
		{65C25B3A-43E5-4EA1-A166-3DA445143C5F}.Release|x86.Build.0 = Release|Win32
		{08527B64-4E8B-4F5F-B269-7EAAB69774EE}.Debug|x64.ActiveCfg = Debug|x64
		{08527B64-4E8B-4F5F-B269-7EAAB69774EE}.Debug|x64.Build.0 = Debug|x64
		{08527B64-4E8B-4F5F-B269-7EAAB69774EE}.Debug|x86.ActiveCfg = Debug|Win32
		{08527B64-4E8B-4F5F-B269-7EAAB69774EE}.Debug|x86.Build.0 = Debug|Win32
		{08527B64-4E8B-4F5F-B269-7EAAB69774EE}.Release|x64.ActiveCfg = Release|x64
		{08527B64-4E8B-4F5F-B269-7EAAB69774EE}.Release|x64.Build.0 = Release|x64
		{08527B64-4E8B-4F5F-B269-7EAAB69774EE}.Release|x86.ActiveCfg = Release|Win32
		{08527B64-4E8B-4F5F-B269-7EAAB69774EE}.Release|x86.Build.0 = Release|Win32
		{C86438BD-F4C9-44A0-AF39-A018FD4FA6CD}.Debug|x64.ActiveCfg = Debug|x64
		{C86438BD-F4C9-44A0-AF39-A018FD4FA6CD}.Debug|x64.Build.0 = Debug|x64
		{C86438BD-F4C9-44A0-AF39-A018FD4FA6CD}.Debug|x86.ActiveCfg = Debug|Win32
		{C86438BD-F4C9-44A0-AF39-A018FD4FA6CD}.Debug|x86.Build.0 = Debug|Win32
		{C86438BD-F4C9-44A0-AF39-A018FD4FA6CD}.Release|x64.ActiveCfg = Release|x64
		{C86438BD-F4C9-44A0-AF39-A018FD4FA6CD}.Release|x64.Build.0 = Release|x64
		{C86438BD-F4C9-44A0-AF39-A018FD4FA6CD}.Release|x86.ActiveCfg = Release|Win32
		{C86438BD-F4C9-44A0-AF39-A018FD4FA6CD}.Release|x86.Build.0 = Release|Win32
		{976FCC86-A65B-426E-82C9-5CC1FD95B827}.Debug|x64.ActiveCfg = Debug|x64
		{976FCC86-A65B-426E-82C9-5CC1FD95B827}.Debug|x64.Build.0 = Debug|x64
		{976FCC86-A65B-426E-82C9-5CC1FD95B827}.Debug|x86.ActiveCfg = Debug|Win32
		{976FCC86-A65B-426E-82C9-5CC1FD95B827}.Debug|x86.Build.0 = Debug|Win32
		{976FCC86-A65B-426E-82C9-5CC1FD95B827}.Release|x64.ActiveCfg = Release|x64
		{976FCC86-A65B-426E-82C9-5CC1FD95B827}.Release|x64.Build.0 = Release|x64
		{976FCC86-A65B-426E-82C9-5CC1FD95B827}.Release|x86.ActiveCfg = Release|Win32
		{976FCC86-A65B-426E-82C9-5CC1FD95B827}.Release|x86.Build.0 = Release|Win32
		{E1E4D683-B9A0-43CD-ADC2-8F10345503C7}.Debug|x64.ActiveCfg = Debug|x64
		{E1E4D683-B9A0-43CD-ADC2-8F10345503C7}.Debug|x64.Build.0 = Debug|x64
		{E1E4D683-B9A0-43CD-ADC2-8F10345503C7}.Debug|x86.ActiveCfg = Debug|Win32
		{E1E4D683-B9A0-43CD-ADC2-8F10345503C7}.Debug|x86.Build.0 = Debug|Win32
		{E1E4D683-B9A0-43CD-ADC2-8F10345503C7}.Release|x64.ActiveCfg = Release|x64
		{E1E4D683-B9A0-43CD-ADC2-8F10345503C7}.Release|x64.Build.0 = Release|x64
		{E1E4D683-B9A0-43CD-ADC2-8F10345503C7}.Release|x86.ActiveCfg = Release|Win32
		{E1E4D683-B9A0-43CD-ADC2-8F10345503C7}.Release|x86.Build.0 = Release|Win32
		{91CC58C7-6218-4E28-A497-0ADFB3A26EE3}.Debug|x64.ActiveCfg = Debug|x64
		{91CC58C7-6218-4E28-A497-0ADFB3A26EE3}.Debug|x64.Build.0 = Debug|x64
		{91CC58C7-6218-4E28-A497-0ADFB3A26EE3}.Debug|x86.ActiveCfg = Debug|Win32
		{91CC58C7-6218-4E28-A497-0ADFB3A26EE3}.Debug|x86.Build.0 = Debug|Win32
		{91CC58C7-6218-4E28-A497-0ADFB3A26EE3}.Release|x64.ActiveCfg = Release|x64
		{91CC58C7-6218-4E28-A497-0ADFB3A26EE3}.Release|x64.Build.0 = Release|x64
		{91CC58C7-6218-4E28-A497-0ADFB3A26EE3}.Release|x86.ActiveCfg = Release|Win32
		{91CC58C7-6218-4E28-A497-0ADFB3A26EE3}.Release|x86.Build.0 = Release|Win32
		{C1603A86-9B6F-4F52-84EF-BCCD1C18D72B}.Debug|x64.ActiveCfg = Debug|x64
		{C1603A86-9B6F-4F52-84EF-BCCD1C18D72B}.Debug|x64.Build.0 = Debug|x64
		{C1603A86-9B6F-4F52-84EF-BCCD1C18D72B}.Debug|x86.ActiveCfg = Debug|Win32
		{C1603A86-9B6F-4F52-84EF-BCCD1C18D72B}.Debug|x86.Build.0 = Debug|Win32
		{C1603A86-9B6F-4F52-84EF-BCCD1C18D72B}.Release|x64.ActiveCfg = Release|x64
		{C1603A86-9B6F-4F52-84EF-BCCD1C18D72B}.Release|x64.Build.0 = Release|x64
		{C1603A86-9B6F-4F52-84EF-BCCD1C18D72B}.Release|x86.ActiveCfg = Release|Win32
		{C1603A86-9B6F-4F52-84EF-BCCD1C18D72B}.Release|x86.Build.0 = Release|Win32
		{6C4CBD03-7963-4C68-9771-9D4FEEA5A9E9}.Debug|x64.ActiveCfg = Debug|x64
		{6C4CBD03-7963-4C68-9771-9D4FEEA5A9E9}.Debug|x64.Build.0 = Debug|x64
		{6C4CBD03-7963-4C68-9771-9D4FEEA5A9E9}.Debug|x86.ActiveCfg = Debug|Win32
		{6C4CBD03-7963-4C68-9771-9D4FEEA5A9E9}.Debug|x86.Build.0 = Debug|Win32
		{6C4CBD03-7963-4C68-9771-9D4FEEA5A9E9}.Release|x64.ActiveCfg = Release|x64
		{6C4CBD03-7963-4C68-9771-9D4FEEA5A9E9}.Release|x64.Build.0 = Release|x64
		{6C4CBD03-7963-4C68-9771-9D4FEEA5A9E9}.Release|x86.ActiveCfg = Release|Win32
		{6C4CBD03-7963-4C68-9771-9D4FEEA5A9E9}.Release|x86.Build.0 = Release|Win32
	EndGlobalSection
	GlobalSection(SolutionProperties) = preSolution
		HideSolutionNode = FALSE
	EndGlobalSection
	GlobalSection(ExtensibilityGlobals) = postSolution
		SolutionGuid = {C06421F0-5650-433C-9EA6-54751C46ECC0}
	EndGlobalSection
EndGlobal
